
Microsoft Visual Studio Solution File, Format Version 12.00
# Visual Studio Version 17
VisualStudioVersion = 17.6.33815.320
MinimumVisualStudioVersion = 10.0.40219.1
Project("{FAE04EC0-301F-11D3-BF4B-00C04F79EFBC}") = "WpfApp1", "WpfApp1\WpfApp1.csproj", "{128925D2-98EF-49BF-8395-7F2F1256F262}"
EndProject
Global
	GlobalSection(SolutionConfigurationPlatforms) = preSolution
		Debug|Any CPU = Debug|Any CPU
		Release|Any CPU = Release|Any CPU
	EndGlobalSection
	GlobalSection(ProjectConfigurationPlatforms) = postSolution
		{128925D2-98EF-49BF-8395-7F2F1256F262}.Debug|Any CPU.ActiveCfg = Debug|Any CPU
		{128925D2-98EF-49BF-8395-7F2F1256F262}.Debug|Any CPU.Build.0 = Debug|Any CPU
		{128925D2-98EF-49BF-8395-7F2F1256F262}.Release|Any CPU.ActiveCfg = Release|Any CPU
		{128925D2-98EF-49BF-8395-7F2F1256F262}.Release|Any CPU.Build.0 = Release|Any CPU
	EndGlobalSection
	GlobalSection(SolutionProperties) = preSolution
		HideSolutionNode = FALSE
	EndGlobalSection
	GlobalSection(ExtensibilityGlobals) = postSolution
		SolutionGuid = {46ADE110-AABC-4243-8C8D-2BB0F3BC5CA8}
	EndGlobalSection
EndGlobal
